
Microsoft Visual Studio Solution File, Format Version 12.00
# Visual Studio 15
VisualStudioVersion = 15.0.28107.0
MinimumVisualStudioVersion = 10.0.40219.1
Project("{FAE04EC0-301F-11D3-BF4B-00C04F79EFBC}") = "TextImageConverter", "TextImageConverter\TextImageConverter.csproj", "{358857AF-64CD-430A-BC7D-D577902A3439}"
EndProject
Global
	GlobalSection(Performance) = preSolution
		HasPerformanceSessions = true
	EndGlobalSection
	GlobalSection(SolutionConfigurationPlatforms) = preSolution
		Debug|Any CPU = Debug|Any CPU
		Release|Any CPU = Release|Any CPU
	EndGlobalSection
	GlobalSection(ProjectConfigurationPlatforms) = postSolution
		{358857AF-64CD-430A-BC7D-D577902A3439}.Debug|Any CPU.ActiveCfg = Debug|Any CPU
		{358857AF-64CD-430A-BC7D-D577902A3439}.Debug|Any CPU.Build.0 = Debug|Any CPU
		{358857AF-64CD-430A-BC7D-D577902A3439}.Release|Any CPU.ActiveCfg = Release|Any CPU
		{358857AF-64CD-430A-BC7D-D577902A3439}.Release|Any CPU.Build.0 = Release|Any CPU
	EndGlobalSection
	GlobalSection(SolutionProperties) = preSolution
		HideSolutionNode = FALSE
	EndGlobalSection
	GlobalSection(ExtensibilityGlobals) = postSolution
		SolutionGuid = {DFC47EDB-19BD-4C83-852A-9FC29B2DA42D}
	EndGlobalSection
EndGlobal
